
Microsoft Visual Studio Solution File, Format Version 12.00
# Visual Studio Version 17
VisualStudioVersion = 17.3.32811.315
MinimumVisualStudioVersion = 10.0.40219.1
Project("{9A19103F-16F7-4668-BE54-9A1E7A4F7556}") = "DocumentFlow.Server", "DocumentFlow.Server\DocumentFlow.Server.csproj", "{0BBA0057-1565-441B-A4B6-70E44F240747}"
EndProject
Project("{FAE04EC0-301F-11D3-BF4B-00C04F79EFBC}") = "DigitalSignatureTests", "DigitalSignatureTests\DigitalSignatureTests.csproj", "{D5562D44-A836-49FF-B2ED-9ADE896875CC}"
EndProject
Global
	GlobalSection(SolutionConfigurationPlatforms) = preSolution
		Debug|Any CPU = Debug|Any CPU
		Release|Any CPU = Release|Any CPU
	EndGlobalSection
	GlobalSection(ProjectConfigurationPlatforms) = postSolution
		{0BBA0057-1565-441B-A4B6-70E44F240747}.Debug|Any CPU.ActiveCfg = Debug|Any CPU
		{0BBA0057-1565-441B-A4B6-70E44F240747}.Debug|Any CPU.Build.0 = Debug|Any CPU
		{0BBA0057-1565-441B-A4B6-70E44F240747}.Release|Any CPU.ActiveCfg = Release|Any CPU
		{0BBA0057-1565-441B-A4B6-70E44F240747}.Release|Any CPU.Build.0 = Release|Any CPU
		{D5562D44-A836-49FF-B2ED-9ADE896875CC}.Debug|Any CPU.ActiveCfg = Debug|Any CPU
		{D5562D44-A836-49FF-B2ED-9ADE896875CC}.Debug|Any CPU.Build.0 = Debug|Any CPU
		{D5562D44-A836-49FF-B2ED-9ADE896875CC}.Release|Any CPU.ActiveCfg = Release|Any CPU
		{D5562D44-A836-49FF-B2ED-9ADE896875CC}.Release|Any CPU.Build.0 = Release|Any CPU
	EndGlobalSection
	GlobalSection(SolutionProperties) = preSolution
		HideSolutionNode = FALSE
	EndGlobalSection
	GlobalSection(ExtensibilityGlobals) = postSolution
		SolutionGuid = {B5D4D485-97DA-4DC5-800D-3C60DF6E3647}
	EndGlobalSection
EndGlobal
